{
  "version": 4,
  "terraform_version": "1.2.2",
  "serial": 18,
  "lineage": "aa09b63f-863c-2e0b-aa01-38afe31e2e49",
  "outputs": {
    "external_ip_address_vm_1": {
      "value": "51.250.64.144",
      "type": "string"
    },
    "internal_ip_address_vm_1": {
      "value": "192.168.10.3",
      "type": "string"
    }
  },
  "resources": [
    {
      "mode": "data",
      "type": "yandex_iam_policy",
      "name": "admin",
      "provider": "provider[\"registry.terraform.io/yandex-cloud/yandex\"]",
      "instances": [
        {
          "schema_version": 0,
          "attributes": {
            "binding": [
              {
                "members": [
                  "userAccount:user_id_1"
                ],
                "role": "admin"
              },
              {
                "members": [
                  "userAccount:user_id_2"
                ],
                "role": "viewer"
              }
            ],
            "id": "3684673327",
            "policy_data": "{\"Bindings\":[{\"role_id\":\"admin\",\"subject\":{\"id\":\"user_id_1\",\"type\":\"userAccount\"}},{\"role_id\":\"viewer\",\"subject\":{\"id\":\"user_id_2\",\"type\":\"userAccount\"}}]}"
          },
          "sensitive_attributes": []
        }
      ]
    },
    {
      "mode": "data",
      "type": "yandex_iam_service_account",
      "name": "builder",
      "provider": "provider[\"registry.terraform.io/yandex-cloud/yandex\"]",
      "instances": [
        {
          "schema_version": 0,
          "attributes": {
            "created_at": null,
            "description": null,
            "folder_id": null,
            "id": null,
            "name": null,
            "service_account_id": null
          },
          "sensitive_attributes": []
        }
      ]
    },
    {
      "mode": "managed",
      "type": "yandex_compute_instance",
      "name": "vm-1",
      "provider": "provider[\"registry.terraform.io/yandex-cloud/yandex\"]",
      "instances": [
        {
          "schema_version": 1,
          "attributes": {
            "allow_recreate": null,
            "allow_stopping_for_update": null,
            "boot_disk": [
              {
                "auto_delete": true,
                "device_name": "fhm0ac8q5eh6sqr3g8pl",
                "disk_id": "fhm0ac8q5eh6sqr3g8pl",
                "initialize_params": [
                  {
                    "block_size": 4096,
                    "description": "",
                    "image_id": "fd8iofc8jffgt2qs0eco",
                    "name": "",
                    "size": 30,
                    "snapshot_id": "",
                    "type": "network-hdd"
                  }
                ],
                "mode": "READ_WRITE"
              }
            ],
            "created_at": "2022-06-08T17:45:16Z",
            "description": "",
            "folder_id": "b1g1nf0tap4272dp18no",
            "fqdn": "hm2.terraform.ru",
            "hostname": "hm2",
            "id": "fhm4sh4hu5ane4vfp5jh",
            "labels": null,
            "metadata": {
              "ssh-keys": "ubuntu:ssh-rsa AAAAB3NzaC1yc2EAAAADAQABAAABgQCj5UzFyvrMCF00SKNFRu6bLlLMNaCapR+H4u4oG53Qrt9o/FSpgyYBDt5gXvT9tysWZLK27YscINJT44Qjhz3FA7mruCCPobSuxkpdTPuWIlJM4DPgZ1o0ybl6TyfMV6DlCKCZwUh4KKNBMkvFJCyP1DlPMYqaFn63WStZQNJd0Mt/SvBBzOK3uKN9PB+Dul07gZkAgKOzvmpNo6UXZNxvNxX8jqefs3D3dw6LIvxRrngPAgSC3wECPI/bTZ/lwbBuVBEKH2HdjnpVQZePJJb4HNrMLekgMouD6c52pVI4rONYKiNfjEeGXq/NKiotKSMywWmmNZmL45IW3fxBZDjThMSAouAjTiaw6raqnl9t+ee8pDkYU9Dz6MrznLPrDTI3h8LksGPLIW3lk8kusZGlIfPqN26ita8Gqvvkg/89e775iuWBGfOykOYJXtCMOWmt5IKkptnGuhgbsoY6rDLVdDmFgZl3ie7PZWrL2VuJIYlP7B7smP1BIfMi+UzSIOU= vagrant@test1\n"
            },
            "name": "terraform1",
            "network_acceleration_type": "standard",
            "network_interface": [
              {
                "dns_record": [],
                "index": 0,
                "ip_address": "192.168.10.3",
                "ipv4": true,
                "ipv6": false,
                "ipv6_address": "",
                "ipv6_dns_record": [],
                "mac_address": "d0:0d:4e:44:91:f1",
                "nat": true,
                "nat_dns_record": [],
                "nat_ip_address": "51.250.64.144",
                "nat_ip_version": "IPV4",
                "security_group_ids": [],
                "subnet_id": "e9bm6l9ou1a6eql91uqq"
              }
            ],
            "placement_policy": [
              {
                "host_affinity_rules": [],
                "placement_group_id": ""
              }
            ],
            "platform_id": "standard-v1",
            "resources": [
              {
                "core_fraction": 100,
                "cores": 2,
                "gpus": 0,
                "memory": 2
              }
            ],
            "scheduling_policy": [
              {
                "preemptible": false
              }
            ],
            "secondary_disk": [],
            "service_account_id": "",
            "status": "running",
            "timeouts": null,
            "zone": "ru-central1-a"
          },
          "sensitive_attributes": [],
          "private": "eyJlMmJmYjczMC1lY2FhLTExZTYtOGY4OC0zNDM2M2JjN2M0YzAiOnsiY3JlYXRlIjozMDAwMDAwMDAwMDAsImRlbGV0ZSI6MzAwMDAwMDAwMDAwLCJ1cGRhdGUiOjMwMDAwMDAwMDAwMH0sInNjaGVtYV92ZXJzaW9uIjoiMSJ9",
          "dependencies": [
            "yandex_vpc_network.network-1",
            "yandex_vpc_subnet.subnet-1"
          ]
        }
      ]
    },
    {
      "mode": "managed",
      "type": "yandex_vpc_network",
      "name": "network-1",
      "provider": "provider[\"registry.terraform.io/yandex-cloud/yandex\"]",
      "instances": [
        {
          "schema_version": 0,
          "attributes": {
            "created_at": "2022-06-08T17:45:15Z",
            "default_security_group_id": "",
            "description": "",
            "folder_id": "b1g1nf0tap4272dp18no",
            "id": "enp6260lnrh8jbhr6glc",
            "labels": {},
            "name": "network1",
            "subnet_ids": [],
            "timeouts": null
          },
          "sensitive_attributes": [],
          "private": "eyJlMmJmYjczMC1lY2FhLTExZTYtOGY4OC0zNDM2M2JjN2M0YzAiOnsiY3JlYXRlIjo2MDAwMDAwMDAwMCwiZGVsZXRlIjo2MDAwMDAwMDAwMCwidXBkYXRlIjo2MDAwMDAwMDAwMH19"
        }
      ]
    },
    {
      "mode": "managed",
      "type": "yandex_vpc_subnet",
      "name": "subnet-1",
      "provider": "provider[\"registry.terraform.io/yandex-cloud/yandex\"]",
      "instances": [
        {
          "schema_version": 0,
          "attributes": {
            "created_at": "2022-06-08T17:45:15Z",
            "description": "",
            "dhcp_options": [],
            "folder_id": "b1g1nf0tap4272dp18no",
            "id": "e9bm6l9ou1a6eql91uqq",
            "labels": {},
            "name": "subnet1",
            "network_id": "enp6260lnrh8jbhr6glc",
            "route_table_id": "",
            "timeouts": null,
            "v4_cidr_blocks": [
              "192.168.10.0/24"
            ],
            "v6_cidr_blocks": [],
            "zone": "ru-central1-a"
          },
          "sensitive_attributes": [],
          "private": "eyJlMmJmYjczMC1lY2FhLTExZTYtOGY4OC0zNDM2M2JjN2M0YzAiOnsiY3JlYXRlIjoxODAwMDAwMDAwMDAsImRlbGV0ZSI6MTgwMDAwMDAwMDAwLCJ1cGRhdGUiOjE4MDAwMDAwMDAwMH19",
          "dependencies": [
            "yandex_vpc_network.network-1"
          ]
        }
      ]
    }
  ]
}
