[0m[1mdata.yandex_resourcemanager_cloud.foo: Reading...[0m[0m
[0m[1mdata.yandex_iam_service_account.builder: Reading...[0m[0m
[0m[1mdata.yandex_iam_policy.admin: Reading...[0m[0m
[0m[1mdata.yandex_iam_policy.admin: Read complete after 0s [id=3684673327][0m
[0m[1mdata.yandex_iam_service_account.builder: Read complete after 1s[0m
[0m[1mdata.yandex_resourcemanager_cloud.foo: Read complete after 1s [id=b1gr2tne2e53oneacrr0][0m

Terraform used the selected providers to generate the following execution
plan. Resource actions are indicated with the following symbols:
  [32m+[0m create
[0m
Terraform will perform the following actions:

[1m  # yandex_compute_instance.vm-1[0m will be created[0m[0m
[0m  [32m+[0m[0m resource "yandex_compute_instance" "vm-1" {
      [32m+[0m [0m[1m[0mcreated_at[0m[0m                = (known after apply)
      [32m+[0m [0m[1m[0mfolder_id[0m[0m                 = (known after apply)
      [32m+[0m [0m[1m[0mfqdn[0m[0m                      = (known after apply)
      [32m+[0m [0m[1m[0mhostname[0m[0m                  = "hm2.terraform.ru"
      [32m+[0m [0m[1m[0mid[0m[0m                        = (known after apply)
      [32m+[0m [0m[1m[0mmetadata[0m[0m                  = {
          [32m+[0m [0m"ssh-keys" = <<-EOT
                ubuntu:ssh-rsa AAAAB3NzaC1yc2EAAAADAQABAAABgQCj5UzFyvrMCF00SKNFRu6bLlLMNaCapR+H4u4oG53Qrt9o/FSpgyYBDt5gXvT9tysWZLK27YscINJT44Qjhz3FA7mruCCPobSuxkpdTPuWIlJM4DPgZ1o0ybl6TyfMV6DlCKCZwUh4KKNBMkvFJCyP1DlPMYqaFn63WStZQNJd0Mt/SvBBzOK3uKN9PB+Dul07gZkAgKOzvmpNo6UXZNxvNxX8jqefs3D3dw6LIvxRrngPAgSC3wECPI/bTZ/lwbBuVBEKH2HdjnpVQZePJJb4HNrMLekgMouD6c52pVI4rONYKiNfjEeGXq/NKiotKSMywWmmNZmL45IW3fxBZDjThMSAouAjTiaw6raqnl9t+ee8pDkYU9Dz6MrznLPrDTI3h8LksGPLIW3lk8kusZGlIfPqN26ita8Gqvvkg/89e775iuWBGfOykOYJXtCMOWmt5IKkptnGuhgbsoY6rDLVdDmFgZl3ie7PZWrL2VuJIYlP7B7smP1BIfMi+UzSIOU= vagrant@test1
            EOT
        }
      [32m+[0m [0m[1m[0mname[0m[0m                      = "terraform1"
      [32m+[0m [0m[1m[0mnetwork_acceleration_type[0m[0m = "standard"
      [32m+[0m [0m[1m[0mplatform_id[0m[0m               = "standard-v1"
      [32m+[0m [0m[1m[0mservice_account_id[0m[0m        = (known after apply)
      [32m+[0m [0m[1m[0mstatus[0m[0m                    = (known after apply)
      [32m+[0m [0m[1m[0mzone[0m[0m                      = (known after apply)

      [32m+[0m [0mboot_disk {
          [32m+[0m [0m[1m[0mauto_delete[0m[0m = true
          [32m+[0m [0m[1m[0mdevice_name[0m[0m = (known after apply)
          [32m+[0m [0m[1m[0mdisk_id[0m[0m     = (known after apply)
          [32m+[0m [0m[1m[0mmode[0m[0m        = (known after apply)

          [32m+[0m [0minitialize_params {
              [32m+[0m [0m[1m[0mblock_size[0m[0m  = (known after apply)
              [32m+[0m [0m[1m[0mdescription[0m[0m = (known after apply)
              [32m+[0m [0m[1m[0mimage_id[0m[0m    = "f2ejnevg7l0maomt8hln"
              [32m+[0m [0m[1m[0mname[0m[0m        = (known after apply)
              [32m+[0m [0m[1m[0msize[0m[0m        = (known after apply)
              [32m+[0m [0m[1m[0msnapshot_id[0m[0m = (known after apply)
              [32m+[0m [0m[1m[0mtype[0m[0m        = "network-hdd"
            }
        }

      [32m+[0m [0mnetwork_interface {
          [32m+[0m [0m[1m[0mindex[0m[0m              = (known after apply)
          [32m+[0m [0m[1m[0mip_address[0m[0m         = (known after apply)
          [32m+[0m [0m[1m[0mipv4[0m[0m               = true
          [32m+[0m [0m[1m[0mipv6[0m[0m               = (known after apply)
          [32m+[0m [0m[1m[0mipv6_address[0m[0m       = (known after apply)
          [32m+[0m [0m[1m[0mmac_address[0m[0m        = (known after apply)
          [32m+[0m [0m[1m[0mnat[0m[0m                = true
          [32m+[0m [0m[1m[0mnat_ip_address[0m[0m     = (known after apply)
          [32m+[0m [0m[1m[0mnat_ip_version[0m[0m     = (known after apply)
          [32m+[0m [0m[1m[0msecurity_group_ids[0m[0m = (known after apply)
          [32m+[0m [0m[1m[0msubnet_id[0m[0m          = (known after apply)
        }

      [32m+[0m [0mplacement_policy {
          [32m+[0m [0m[1m[0mhost_affinity_rules[0m[0m = (known after apply)
          [32m+[0m [0m[1m[0mplacement_group_id[0m[0m  = (known after apply)
        }

      [32m+[0m [0mresources {
          [32m+[0m [0m[1m[0mcore_fraction[0m[0m = 100
          [32m+[0m [0m[1m[0mcores[0m[0m         = 2
          [32m+[0m [0m[1m[0mmemory[0m[0m        = 2
        }

      [32m+[0m [0mscheduling_policy {
          [32m+[0m [0m[1m[0mpreemptible[0m[0m = (known after apply)
        }
    }

[1m  # yandex_iam_service_account.sa[0m will be created[0m[0m
[0m  [32m+[0m[0m resource "yandex_iam_service_account" "sa" {
      [32m+[0m [0m[1m[0mcreated_at[0m[0m  = (known after apply)
      [32m+[0m [0m[1m[0mdescription[0m[0m = "service account to manage VMs"
      [32m+[0m [0m[1m[0mfolder_id[0m[0m   = (known after apply)
      [32m+[0m [0m[1m[0mid[0m[0m          = (known after apply)
      [32m+[0m [0m[1m[0mname[0m[0m        = "VM Manager"
    }

[1m  # yandex_vpc_network.network-1[0m will be created[0m[0m
[0m  [32m+[0m[0m resource "yandex_vpc_network" "network-1" {
      [32m+[0m [0m[1m[0mcreated_at[0m[0m                = (known after apply)
      [32m+[0m [0m[1m[0mdefault_security_group_id[0m[0m = (known after apply)
      [32m+[0m [0m[1m[0mfolder_id[0m[0m                 = (known after apply)
      [32m+[0m [0m[1m[0mid[0m[0m                        = (known after apply)
      [32m+[0m [0m[1m[0mlabels[0m[0m                    = (known after apply)
      [32m+[0m [0m[1m[0mname[0m[0m                      = "network1"
      [32m+[0m [0m[1m[0msubnet_ids[0m[0m                = (known after apply)
    }

[1m  # yandex_vpc_subnet.subnet-1[0m will be created[0m[0m
[0m  [32m+[0m[0m resource "yandex_vpc_subnet" "subnet-1" {
      [32m+[0m [0m[1m[0mcreated_at[0m[0m     = (known after apply)
      [32m+[0m [0m[1m[0mfolder_id[0m[0m      = (known after apply)
      [32m+[0m [0m[1m[0mid[0m[0m             = (known after apply)
      [32m+[0m [0m[1m[0mlabels[0m[0m         = (known after apply)
      [32m+[0m [0m[1m[0mname[0m[0m           = "subnet1"
      [32m+[0m [0m[1m[0mnetwork_id[0m[0m     = (known after apply)
      [32m+[0m [0m[1m[0mv4_cidr_blocks[0m[0m = [
          [32m+[0m [0m"192.168.10.0/24",
        ]
      [32m+[0m [0m[1m[0mv6_cidr_blocks[0m[0m = (known after apply)
      [32m+[0m [0m[1m[0mzone[0m[0m           = "ru-central1-a"
    }

[0m[1mPlan:[0m 4 to add, 0 to change, 0 to destroy.
[0m[0m
[1mChanges to Outputs:[0m[0m
  [32m+[0m [0m[1m[0mcloud_create_timestamp[0m[0m   = "2022-06-02T10:57:09Z"
  [32m+[0m [0m[1m[0mexternal_ip_address_vm_1[0m[0m = (known after apply)
  [32m+[0m [0m[1m[0minternal_ip_address_vm_1[0m[0m = (known after apply)
[90m
─────────────────────────────────────────────────────────────────────────────[0m

Note: You didn't use the -out option to save this plan, so Terraform can't
guarantee to take exactly these actions if you run "terraform apply" now.
